
Microsoft Visual Studio Solution File, Format Version 12.00
# Visual Studio 2013
VisualStudioVersion = 12.0.30501.0
MinimumVisualStudioVersion = 10.0.40219.1
Project("{FAE04EC0-301F-11D3-BF4B-00C04F79EFBC}") = "SharedCode", "SharedCode\SharedCode.csproj", "{23272C59-EA46-45A2-A6B1-F3252B8DE952}"
EndProject
Project("{FAE04EC0-301F-11D3-BF4B-00C04F79EFBC}") = "BackGroundTask", "BackGroundTask\BackGroundTask.csproj", "{871B1B67-4576-41F6-BA89-D26E9D861B3B}"
EndProject
Project("{FAE04EC0-301F-11D3-BF4B-00C04F79EFBC}") = "Followshows", "Followshows\Followshows.csproj", "{132E9ED8-D706-4496-AEF1-E5ADBF8B10B8}"
EndProject
Project("{FAE04EC0-301F-11D3-BF4B-00C04F79EFBC}") = "Testing", "Testing\Testing.csproj", "{53B35CAE-D03C-4B24-AE2B-18106D622643}"
EndProject

Global
	GlobalSection(SolutionConfigurationPlatforms) = preSolution
		Debug|Any CPU = Debug|Any CPU
		Debug|ARM = Debug|ARM
		Debug|Mixed Platforms = Debug|Mixed Platforms
		Debug|x64 = Debug|x64
		Debug|x86 = Debug|x86
		Release|Any CPU = Release|Any CPU
		Release|ARM = Release|ARM
		Release|Mixed Platforms = Release|Mixed Platforms
		Release|x64 = Release|x64
		Release|x86 = Release|x86
	EndGlobalSection
	GlobalSection(ProjectConfigurationPlatforms) = postSolution
		{132E9ED8-D706-4496-AEF1-E5ADBF8B10B8}.Debug|Any CPU.ActiveCfg = Debug|Any CPU
		{132E9ED8-D706-4496-AEF1-E5ADBF8B10B8}.Debug|Any CPU.Build.0 = Debug|Any CPU
		{132E9ED8-D706-4496-AEF1-E5ADBF8B10B8}.Debug|Any CPU.Deploy.0 = Debug|Any CPU
		{132E9ED8-D706-4496-AEF1-E5ADBF8B10B8}.Debug|ARM.ActiveCfg = Debug|ARM
		{132E9ED8-D706-4496-AEF1-E5ADBF8B10B8}.Debug|ARM.Build.0 = Debug|ARM
		{132E9ED8-D706-4496-AEF1-E5ADBF8B10B8}.Debug|ARM.Deploy.0 = Debug|ARM
		{132E9ED8-D706-4496-AEF1-E5ADBF8B10B8}.Debug|Mixed Platforms.ActiveCfg = Debug|Any CPU
		{132E9ED8-D706-4496-AEF1-E5ADBF8B10B8}.Debug|Mixed Platforms.Build.0 = Debug|Any CPU
		{132E9ED8-D706-4496-AEF1-E5ADBF8B10B8}.Debug|Mixed Platforms.Deploy.0 = Debug|Any CPU
		{132E9ED8-D706-4496-AEF1-E5ADBF8B10B8}.Debug|x64.ActiveCfg = Debug|Any CPU
		{132E9ED8-D706-4496-AEF1-E5ADBF8B10B8}.Debug|x86.ActiveCfg = Debug|x86
		{132E9ED8-D706-4496-AEF1-E5ADBF8B10B8}.Debug|x86.Build.0 = Debug|x86
		{132E9ED8-D706-4496-AEF1-E5ADBF8B10B8}.Debug|x86.Deploy.0 = Debug|x86
		{132E9ED8-D706-4496-AEF1-E5ADBF8B10B8}.Release|Any CPU.ActiveCfg = Release|Any CPU
		{132E9ED8-D706-4496-AEF1-E5ADBF8B10B8}.Release|Any CPU.Build.0 = Release|Any CPU
		{132E9ED8-D706-4496-AEF1-E5ADBF8B10B8}.Release|Any CPU.Deploy.0 = Release|Any CPU
		{132E9ED8-D706-4496-AEF1-E5ADBF8B10B8}.Release|ARM.ActiveCfg = Release|ARM
		{132E9ED8-D706-4496-AEF1-E5ADBF8B10B8}.Release|ARM.Build.0 = Release|ARM
		{132E9ED8-D706-4496-AEF1-E5ADBF8B10B8}.Release|ARM.Deploy.0 = Release|ARM
		{132E9ED8-D706-4496-AEF1-E5ADBF8B10B8}.Release|Mixed Platforms.ActiveCfg = Release|x86
		{132E9ED8-D706-4496-AEF1-E5ADBF8B10B8}.Release|Mixed Platforms.Build.0 = Release|x86
		{132E9ED8-D706-4496-AEF1-E5ADBF8B10B8}.Release|Mixed Platforms.Deploy.0 = Release|x86
		{132E9ED8-D706-4496-AEF1-E5ADBF8B10B8}.Release|x64.ActiveCfg = Release|Any CPU
		{132E9ED8-D706-4496-AEF1-E5ADBF8B10B8}.Release|x86.ActiveCfg = Release|x86
		{132E9ED8-D706-4496-AEF1-E5ADBF8B10B8}.Release|x86.Build.0 = Release|x86
		{132E9ED8-D706-4496-AEF1-E5ADBF8B10B8}.Release|x86.Deploy.0 = Release|x86
		{53B35CAE-D03C-4B24-AE2B-18106D622643}.Debug|Any CPU.ActiveCfg = Debug|x86
		{53B35CAE-D03C-4B24-AE2B-18106D622643}.Debug|ARM.ActiveCfg = Debug|ARM
		{53B35CAE-D03C-4B24-AE2B-18106D622643}.Debug|ARM.Build.0 = Debug|ARM
		{53B35CAE-D03C-4B24-AE2B-18106D622643}.Debug|ARM.Deploy.0 = Debug|ARM
		{53B35CAE-D03C-4B24-AE2B-18106D622643}.Debug|Mixed Platforms.ActiveCfg = Debug|x86
		{53B35CAE-D03C-4B24-AE2B-18106D622643}.Debug|Mixed Platforms.Build.0 = Debug|x86
		{53B35CAE-D03C-4B24-AE2B-18106D622643}.Debug|Mixed Platforms.Deploy.0 = Debug|x86
		{53B35CAE-D03C-4B24-AE2B-18106D622643}.Debug|x64.ActiveCfg = Debug|x86
		{53B35CAE-D03C-4B24-AE2B-18106D622643}.Debug|x86.ActiveCfg = Debug|x86
		{53B35CAE-D03C-4B24-AE2B-18106D622643}.Debug|x86.Build.0 = Debug|x86
		{53B35CAE-D03C-4B24-AE2B-18106D622643}.Debug|x86.Deploy.0 = Debug|x86
		{53B35CAE-D03C-4B24-AE2B-18106D622643}.Release|Any CPU.ActiveCfg = Release|x86
		{53B35CAE-D03C-4B24-AE2B-18106D622643}.Release|ARM.ActiveCfg = Release|ARM
		{53B35CAE-D03C-4B24-AE2B-18106D622643}.Release|ARM.Build.0 = Release|ARM
		{53B35CAE-D03C-4B24-AE2B-18106D622643}.Release|ARM.Deploy.0 = Release|ARM
		{53B35CAE-D03C-4B24-AE2B-18106D622643}.Release|Mixed Platforms.ActiveCfg = Release|x86
		{53B35CAE-D03C-4B24-AE2B-18106D622643}.Release|Mixed Platforms.Build.0 = Release|x86
		{53B35CAE-D03C-4B24-AE2B-18106D622643}.Release|Mixed Platforms.Deploy.0 = Release|x86
		{53B35CAE-D03C-4B24-AE2B-18106D622643}.Release|x64.ActiveCfg = Release|x86
		{53B35CAE-D03C-4B24-AE2B-18106D622643}.Release|x86.ActiveCfg = Release|x86
		{53B35CAE-D03C-4B24-AE2B-18106D622643}.Release|x86.Build.0 = Release|x86
		{53B35CAE-D03C-4B24-AE2B-18106D622643}.Release|x86.Deploy.0 = Release|x86
		{871B1B67-4576-41F6-BA89-D26E9D861B3B}.Debug|Any CPU.ActiveCfg = Debug|Any CPU
		{871B1B67-4576-41F6-BA89-D26E9D861B3B}.Debug|Any CPU.Build.0 = Debug|Any CPU
		{871B1B67-4576-41F6-BA89-D26E9D861B3B}.Debug|Any CPU.Deploy.0 = Debug|Any CPU
		{871B1B67-4576-41F6-BA89-D26E9D861B3B}.Debug|ARM.ActiveCfg = Debug|ARM
		{871B1B67-4576-41F6-BA89-D26E9D861B3B}.Debug|ARM.Build.0 = Debug|ARM
		{871B1B67-4576-41F6-BA89-D26E9D861B3B}.Debug|Mixed Platforms.ActiveCfg = Debug|x86
		{871B1B67-4576-41F6-BA89-D26E9D861B3B}.Debug|x64.ActiveCfg = Debug|Any CPU
		{871B1B67-4576-41F6-BA89-D26E9D861B3B}.Debug|x86.ActiveCfg = Debug|x86
		{871B1B67-4576-41F6-BA89-D26E9D861B3B}.Debug|x86.Build.0 = Debug|x86
		{871B1B67-4576-41F6-BA89-D26E9D861B3B}.Release|Any CPU.ActiveCfg = Release|Any CPU
		{871B1B67-4576-41F6-BA89-D26E9D861B3B}.Release|Any CPU.Build.0 = Release|Any CPU
		{871B1B67-4576-41F6-BA89-D26E9D861B3B}.Release|ARM.ActiveCfg = Release|ARM
		{871B1B67-4576-41F6-BA89-D26E9D861B3B}.Release|ARM.Build.0 = Release|ARM
		{871B1B67-4576-41F6-BA89-D26E9D861B3B}.Release|Mixed Platforms.ActiveCfg = Release|x86
		{871B1B67-4576-41F6-BA89-D26E9D861B3B}.Release|x64.ActiveCfg = Release|Any CPU
		{871B1B67-4576-41F6-BA89-D26E9D861B3B}.Release|x86.ActiveCfg = Release|x86
		{871B1B67-4576-41F6-BA89-D26E9D861B3B}.Release|x86.Build.0 = Release|x86
		{23272C59-EA46-45A2-A6B1-F3252B8DE952}.Debug|Any CPU.ActiveCfg = Debug|Any CPU
		{23272C59-EA46-45A2-A6B1-F3252B8DE952}.Debug|Any CPU.Build.0 = Debug|Any CPU
		{23272C59-EA46-45A2-A6B1-F3252B8DE952}.Debug|Any CPU.Deploy.0 = Debug|Any CPU
		{23272C59-EA46-45A2-A6B1-F3252B8DE952}.Debug|ARM.ActiveCfg = Debug|ARM
		{23272C59-EA46-45A2-A6B1-F3252B8DE952}.Debug|ARM.Build.0 = Debug|ARM
		{23272C59-EA46-45A2-A6B1-F3252B8DE952}.Debug|Mixed Platforms.ActiveCfg = Debug|x86
		{23272C59-EA46-45A2-A6B1-F3252B8DE952}.Debug|x64.ActiveCfg = Debug|Any CPU
		{23272C59-EA46-45A2-A6B1-F3252B8DE952}.Debug|x86.ActiveCfg = Debug|x86
		{23272C59-EA46-45A2-A6B1-F3252B8DE952}.Debug|x86.Build.0 = Debug|x86
		{23272C59-EA46-45A2-A6B1-F3252B8DE952}.Release|Any CPU.ActiveCfg = Release|Any CPU
		{23272C59-EA46-45A2-A6B1-F3252B8DE952}.Release|Any CPU.Build.0 = Release|Any CPU
		{23272C59-EA46-45A2-A6B1-F3252B8DE952}.Release|ARM.ActiveCfg = Release|ARM
		{23272C59-EA46-45A2-A6B1-F3252B8DE952}.Release|ARM.Build.0 = Release|ARM
		{23272C59-EA46-45A2-A6B1-F3252B8DE952}.Release|Mixed Platforms.ActiveCfg = Release|x86
		{23272C59-EA46-45A2-A6B1-F3252B8DE952}.Release|x64.ActiveCfg = Release|Any CPU
		{23272C59-EA46-45A2-A6B1-F3252B8DE952}.Release|x86.ActiveCfg = Release|x86
		{23272C59-EA46-45A2-A6B1-F3252B8DE952}.Release|x86.Build.0 = Release|x86
	EndGlobalSection
	GlobalSection(SolutionProperties) = preSolution
		HideSolutionNode = FALSE
	EndGlobalSection
EndGlobal
