
Microsoft Visual Studio Solution File, Format Version 12.00
# Visual Studio 2013
VisualStudioVersion = 12.0.30312.1
MinimumVisualStudioVersion = 10.0.40219.1
Project("{2150E333-8FDC-42A3-9474-1A3956D46DE8}") = "Tiles_CreateLocalTile", "Tiles_CreateLocalTile", "{7C036CCB-9A4A-4BBE-8659-306250F97198}"
EndProject
Project("{D954291E-2A0B-460D-934E-DC6B0785DB48}") = "Tiles_CreateLocalTile.Shared", "Tiles_CreateLocalTile\Tiles_CreateLocalTile.Shared\Tiles_CreateLocalTile.Shared.shproj", "{D66CA4B2-C159-4773-B196-A23BD8E5E473}"
EndProject
Project("{FAE04EC0-301F-11D3-BF4B-00C04F79EFBC}") = "Tiles_CreateLocalTile.Windows", "Tiles_CreateLocalTile\Tiles_CreateLocalTile.Windows\Tiles_CreateLocalTile.Windows.csproj", "{943A0AA1-EDE9-4274-B86C-F2A7ABD2DB4C}"
EndProject
Project("{FAE04EC0-301F-11D3-BF4B-00C04F79EFBC}") = "Tiles_CreateLocalTile.WindowsPhone", "Tiles_CreateLocalTile\Tiles_CreateLocalTile.WindowsPhone\Tiles_CreateLocalTile.WindowsPhone.csproj", "{F328DFA2-7B17-4C71-B707-97217FAE268A}"
EndProject
Global
	GlobalSection(SharedMSBuildProjectFiles) = preSolution
		Tiles_CreateLocalTile\Tiles_CreateLocalTile.Shared\Tiles_CreateLocalTile.Shared.projitems*{943a0aa1-ede9-4274-b86c-f2a7abd2db4c}*SharedItemsImports = 4
		Tiles_CreateLocalTile\Tiles_CreateLocalTile.Shared\Tiles_CreateLocalTile.Shared.projitems*{d66ca4b2-c159-4773-b196-a23bd8e5e473}*SharedItemsImports = 13
		Tiles_CreateLocalTile\Tiles_CreateLocalTile.Shared\Tiles_CreateLocalTile.Shared.projitems*{f328dfa2-7b17-4c71-b707-97217fae268a}*SharedItemsImports = 4
	EndGlobalSection
	GlobalSection(SolutionConfigurationPlatforms) = preSolution
		Debug|Any CPU = Debug|Any CPU
		Debug|ARM = Debug|ARM
		Debug|x64 = Debug|x64
		Debug|x86 = Debug|x86
		Release|Any CPU = Release|Any CPU
		Release|ARM = Release|ARM
		Release|x64 = Release|x64
		Release|x86 = Release|x86
	EndGlobalSection
	GlobalSection(ProjectConfigurationPlatforms) = postSolution
		{943A0AA1-EDE9-4274-B86C-F2A7ABD2DB4C}.Debug|Any CPU.ActiveCfg = Debug|Any CPU
		{943A0AA1-EDE9-4274-B86C-F2A7ABD2DB4C}.Debug|Any CPU.Build.0 = Debug|Any CPU
		{943A0AA1-EDE9-4274-B86C-F2A7ABD2DB4C}.Debug|Any CPU.Deploy.0 = Debug|Any CPU
		{943A0AA1-EDE9-4274-B86C-F2A7ABD2DB4C}.Debug|ARM.ActiveCfg = Debug|ARM
		{943A0AA1-EDE9-4274-B86C-F2A7ABD2DB4C}.Debug|ARM.Build.0 = Debug|ARM
		{943A0AA1-EDE9-4274-B86C-F2A7ABD2DB4C}.Debug|ARM.Deploy.0 = Debug|ARM
		{943A0AA1-EDE9-4274-B86C-F2A7ABD2DB4C}.Debug|x64.ActiveCfg = Debug|x64
		{943A0AA1-EDE9-4274-B86C-F2A7ABD2DB4C}.Debug|x64.Build.0 = Debug|x64
		{943A0AA1-EDE9-4274-B86C-F2A7ABD2DB4C}.Debug|x64.Deploy.0 = Debug|x64
		{943A0AA1-EDE9-4274-B86C-F2A7ABD2DB4C}.Debug|x86.ActiveCfg = Debug|x86
		{943A0AA1-EDE9-4274-B86C-F2A7ABD2DB4C}.Debug|x86.Build.0 = Debug|x86
		{943A0AA1-EDE9-4274-B86C-F2A7ABD2DB4C}.Debug|x86.Deploy.0 = Debug|x86
		{943A0AA1-EDE9-4274-B86C-F2A7ABD2DB4C}.Release|Any CPU.ActiveCfg = Release|Any CPU
		{943A0AA1-EDE9-4274-B86C-F2A7ABD2DB4C}.Release|Any CPU.Build.0 = Release|Any CPU
		{943A0AA1-EDE9-4274-B86C-F2A7ABD2DB4C}.Release|Any CPU.Deploy.0 = Release|Any CPU
		{943A0AA1-EDE9-4274-B86C-F2A7ABD2DB4C}.Release|ARM.ActiveCfg = Release|ARM
		{943A0AA1-EDE9-4274-B86C-F2A7ABD2DB4C}.Release|ARM.Build.0 = Release|ARM
		{943A0AA1-EDE9-4274-B86C-F2A7ABD2DB4C}.Release|ARM.Deploy.0 = Release|ARM
		{943A0AA1-EDE9-4274-B86C-F2A7ABD2DB4C}.Release|x64.ActiveCfg = Release|x64
		{943A0AA1-EDE9-4274-B86C-F2A7ABD2DB4C}.Release|x64.Build.0 = Release|x64
		{943A0AA1-EDE9-4274-B86C-F2A7ABD2DB4C}.Release|x64.Deploy.0 = Release|x64
		{943A0AA1-EDE9-4274-B86C-F2A7ABD2DB4C}.Release|x86.ActiveCfg = Release|x86
		{943A0AA1-EDE9-4274-B86C-F2A7ABD2DB4C}.Release|x86.Build.0 = Release|x86
		{943A0AA1-EDE9-4274-B86C-F2A7ABD2DB4C}.Release|x86.Deploy.0 = Release|x86
		{F328DFA2-7B17-4C71-B707-97217FAE268A}.Debug|Any CPU.ActiveCfg = Debug|Any CPU
		{F328DFA2-7B17-4C71-B707-97217FAE268A}.Debug|Any CPU.Build.0 = Debug|Any CPU
		{F328DFA2-7B17-4C71-B707-97217FAE268A}.Debug|Any CPU.Deploy.0 = Debug|Any CPU
		{F328DFA2-7B17-4C71-B707-97217FAE268A}.Debug|ARM.ActiveCfg = Debug|ARM
		{F328DFA2-7B17-4C71-B707-97217FAE268A}.Debug|ARM.Build.0 = Debug|ARM
		{F328DFA2-7B17-4C71-B707-97217FAE268A}.Debug|ARM.Deploy.0 = Debug|ARM
		{F328DFA2-7B17-4C71-B707-97217FAE268A}.Debug|x64.ActiveCfg = Debug|Any CPU
		{F328DFA2-7B17-4C71-B707-97217FAE268A}.Debug|x86.ActiveCfg = Debug|x86
		{F328DFA2-7B17-4C71-B707-97217FAE268A}.Debug|x86.Build.0 = Debug|x86
		{F328DFA2-7B17-4C71-B707-97217FAE268A}.Debug|x86.Deploy.0 = Debug|x86
		{F328DFA2-7B17-4C71-B707-97217FAE268A}.Release|Any CPU.ActiveCfg = Release|Any CPU
		{F328DFA2-7B17-4C71-B707-97217FAE268A}.Release|Any CPU.Build.0 = Release|Any CPU
		{F328DFA2-7B17-4C71-B707-97217FAE268A}.Release|Any CPU.Deploy.0 = Release|Any CPU
		{F328DFA2-7B17-4C71-B707-97217FAE268A}.Release|ARM.ActiveCfg = Release|ARM
		{F328DFA2-7B17-4C71-B707-97217FAE268A}.Release|ARM.Build.0 = Release|ARM
		{F328DFA2-7B17-4C71-B707-97217FAE268A}.Release|ARM.Deploy.0 = Release|ARM
		{F328DFA2-7B17-4C71-B707-97217FAE268A}.Release|x64.ActiveCfg = Release|Any CPU
		{F328DFA2-7B17-4C71-B707-97217FAE268A}.Release|x86.ActiveCfg = Release|x86
		{F328DFA2-7B17-4C71-B707-97217FAE268A}.Release|x86.Build.0 = Release|x86
		{F328DFA2-7B17-4C71-B707-97217FAE268A}.Release|x86.Deploy.0 = Release|x86
	EndGlobalSection
	GlobalSection(SolutionProperties) = preSolution
		HideSolutionNode = FALSE
	EndGlobalSection
	GlobalSection(NestedProjects) = preSolution
		{D66CA4B2-C159-4773-B196-A23BD8E5E473} = {7C036CCB-9A4A-4BBE-8659-306250F97198}
		{943A0AA1-EDE9-4274-B86C-F2A7ABD2DB4C} = {7C036CCB-9A4A-4BBE-8659-306250F97198}
		{F328DFA2-7B17-4C71-B707-97217FAE268A} = {7C036CCB-9A4A-4BBE-8659-306250F97198}
	EndGlobalSection
EndGlobal
